// !$*UTF8*$!
{
	archiveVersion = 1;
	classes = {
	};
	objectVersion = 46;
	objects = {

/* Begin PBXBuildFile section */
		6759F2F91ACAD8D600D5A93B /* main.m in Sources */ = {isa = PBXBuildFile; fileRef = 6759F2F81ACAD8D600D5A93B /* main.m */; };
		6759F2FC1ACAD8D600D5A93B /* AppDelegate.m in Sources */ = {isa = PBXBuildFile; fileRef = 6759F2FB1ACAD8D600D5A93B /* AppDelegate.m */; };
		6759F2FF1ACAD8D600D5A93B /* ViewController.m in Sources */ = {isa = PBXBuildFile; fileRef = 6759F2FE1ACAD8D600D5A93B /* ViewController.m */; };
		6759F3021ACAD8D600D5A93B /* Main.storyboard in Resources */ = {isa = PBXBuildFile; fileRef = 6759F3001ACAD8D600D5A93B /* Main.storyboard */; };
		6759F3041ACAD8D600D5A93B /* Images.xcassets in Resources */ = {isa = PBXBuildFile; fileRef = 6759F3031ACAD8D600D5A93B /* Images.xcassets */; };
		6759F3071ACAD8D600D5A93B /* LaunchScreen.xib in Resources */ = {isa = PBXBuildFile; fileRef = 6759F3051ACAD8D600D5A93B /* LaunchScreen.xib */; };
		6759F3131ACAD8D600D5A93B /* SharePlaceTests.m in Sources */ = {isa = PBXBuildFile; fileRef = 6759F3121ACAD8D600D5A93B /* SharePlaceTests.m */; };
		67C085F11ACB16380044D0C1 /* FBSDKMessengerShareKit.framework in Frameworks */ = {isa = PBXBuildFile; fileRef = 67C085F01ACB16380044D0C1 /* FBSDKMessengerShareKit.framework */; };
		AC62AC6F058DE75AD4B7FE72 /* libPods.a in Frameworks */ = {isa = PBXBuildFile; fileRef = 3CDD27507EE39743644C44F1 /* libPods.a */; };
/* End PBXBuildFile section */

/* Begin PBXContainerItemProxy section */
		6759F30D1ACAD8D600D5A93B /* PBXContainerItemProxy */ = {
			isa = PBXContainerItemProxy;
			containerPortal = 6759F2EB1ACAD8D600D5A93B /* Project object */;
			proxyType = 1;
			remoteGlobalIDString = 6759F2F21ACAD8D600D5A93B;
			remoteInfo = SharePlace;
		};
/* End PBXContainerItemProxy section */

/* Begin PBXFileReference section */
		3AD0ED8F6A9B2956F61764D7 /* Pods.release.xcconfig */ = {isa = PBXFileReference; includeInIndex = 1; lastKnownFileType = text.xcconfig; name = Pods.release.xcconfig; path = "Pods/Target Support Files/Pods/Pods.release.xcconfig"; sourceTree = "<group>"; };
		3CDD27507EE39743644C44F1 /* libPods.a */ = {isa = PBXFileReference; explicitFileType = archive.ar; includeInIndex = 0; path = libPods.a; sourceTree = BUILT_PRODUCTS_DIR; };
		6759F2F31ACAD8D600D5A93B /* SharePlace.app */ = {isa = PBXFileReference; explicitFileType = wrapper.application; includeInIndex = 0; path = SharePlace.app; sourceTree = BUILT_PRODUCTS_DIR; };
		6759F2F71ACAD8D600D5A93B /* Info.plist */ = {isa = PBXFileReference; lastKnownFileType = text.plist.xml; path = Info.plist; sourceTree = "<group>"; };
		6759F2F81ACAD8D600D5A93B /* main.m */ = {isa = PBXFileReference; lastKnownFileType = sourcecode.c.objc; path = main.m; sourceTree = "<group>"; };
		6759F2FA1ACAD8D600D5A93B /* AppDelegate.h */ = {isa = PBXFileReference; lastKnownFileType = sourcecode.c.h; path = AppDelegate.h; sourceTree = "<group>"; };
		6759F2FB1ACAD8D600D5A93B /* AppDelegate.m */ = {isa = PBXFileReference; lastKnownFileType = sourcecode.c.objc; path = AppDelegate.m; sourceTree = "<group>"; };
		6759F2FD1ACAD8D600D5A93B /* ViewController.h */ = {isa = PBXFileReference; lastKnownFileType = sourcecode.c.h; path = ViewController.h; sourceTree = "<group>"; };
		6759F2FE1ACAD8D600D5A93B /* ViewController.m */ = {isa = PBXFileReference; lastKnownFileType = sourcecode.c.objc; path = ViewController.m; sourceTree = "<group>"; };
		6759F3011ACAD8D600D5A93B /* Base */ = {isa = PBXFileReference; lastKnownFileType = file.storyboard; name = Base; path = Base.lproj/Main.storyboard; sourceTree = "<group>"; };
		6759F3031ACAD8D600D5A93B /* Images.xcassets */ = {isa = PBXFileReference; lastKnownFileType = folder.assetcatalog; path = Images.xcassets; sourceTree = "<group>"; };
		6759F3061ACAD8D600D5A93B /* Base */ = {isa = PBXFileReference; lastKnownFileType = file.xib; name = Base; path = Base.lproj/LaunchScreen.xib; sourceTree = "<group>"; };
		6759F30C1ACAD8D600D5A93B /* SharePlaceTests.xctest */ = {isa = PBXFileReference; explicitFileType = wrapper.cfbundle; includeInIndex = 0; path = SharePlaceTests.xctest; sourceTree = BUILT_PRODUCTS_DIR; };
		6759F3111ACAD8D600D5A93B /* Info.plist */ = {isa = PBXFileReference; lastKnownFileType = text.plist.xml; path = Info.plist; sourceTree = "<group>"; };
		6759F3121ACAD8D600D5A93B /* SharePlaceTests.m */ = {isa = PBXFileReference; lastKnownFileType = sourcecode.c.objc; path = SharePlaceTests.m; sourceTree = "<group>"; };
		67C085F01ACB16380044D0C1 /* FBSDKMessengerShareKit.framework */ = {isa = PBXFileReference; lastKnownFileType = wrapper.framework; path = FBSDKMessengerShareKit.framework; sourceTree = "<group>"; };
		D0527D4C99DB6F8A549964D6 /* Pods.debug.xcconfig */ = {isa = PBXFileReference; includeInIndex = 1; lastKnownFileType = text.xcconfig; name = Pods.debug.xcconfig; path = "Pods/Target Support Files/Pods/Pods.debug.xcconfig"; sourceTree = "<group>"; };
/* End PBXFileReference section */

/* Begin PBXFrameworksBuildPhase section */
		6759F2F01ACAD8D600D5A93B /* Frameworks */ = {
			isa = PBXFrameworksBuildPhase;
			buildActionMask = 2147483647;
			files = (
				67C085F11ACB16380044D0C1 /* FBSDKMessengerShareKit.framework in Frameworks */,
				AC62AC6F058DE75AD4B7FE72 /* libPods.a in Frameworks */,
			);
			runOnlyForDeploymentPostprocessing = 0;
		};
		6759F3091ACAD8D600D5A93B /* Frameworks */ = {
			isa = PBXFrameworksBuildPhase;
			buildActionMask = 2147483647;
			files = (
			);
			runOnlyForDeploymentPostprocessing = 0;
		};
/* End PBXFrameworksBuildPhase section */

/* Begin PBXGroup section */
		6759F2EA1ACAD8D600D5A93B = {
			isa = PBXGroup;
			children = (
				6759F2F51ACAD8D600D5A93B /* SharePlace */,
				6759F30F1ACAD8D600D5A93B /* SharePlaceTests */,
				6759F2F41ACAD8D600D5A93B /* Products */,
				BB6EE65E63B50D6EE9B256B2 /* Pods */,
				BFB54CED877E950F3BD9ADA2 /* Frameworks */,
			);
			sourceTree = "<group>";
		};
		6759F2F41ACAD8D600D5A93B /* Products */ = {
			isa = PBXGroup;
			children = (
				6759F2F31ACAD8D600D5A93B /* SharePlace.app */,
				6759F30C1ACAD8D600D5A93B /* SharePlaceTests.xctest */,
			);
			name = Products;
			sourceTree = "<group>";
		};
		6759F2F51ACAD8D600D5A93B /* SharePlace */ = {
			isa = PBXGroup;
			children = (
				6759F31D1ACADB8000D5A93B /* Sources */,
				6759F31C1ACADB2300D5A93B /* Application */,
				6759F2F61ACAD8D600D5A93B /* Resources */,
			);
			path = SharePlace;
			sourceTree = "<group>";
		};
		6759F2F61ACAD8D600D5A93B /* Resources */ = {
			isa = PBXGroup;
			children = (
				6759F3031ACAD8D600D5A93B /* Images.xcassets */,
			);
			name = Resources;
			sourceTree = "<group>";
		};
		6759F30F1ACAD8D600D5A93B /* SharePlaceTests */ = {
			isa = PBXGroup;
			children = (
				6759F3121ACAD8D600D5A93B /* SharePlaceTests.m */,
				6759F3101ACAD8D600D5A93B /* Supporting Files */,
			);
			path = SharePlaceTests;
			sourceTree = "<group>";
		};
		6759F3101ACAD8D600D5A93B /* Supporting Files */ = {
			isa = PBXGroup;
			children = (
				6759F3111ACAD8D600D5A93B /* Info.plist */,
			);
			name = "Supporting Files";
			sourceTree = "<group>";
		};
		6759F31C1ACADB2300D5A93B /* Application */ = {
			isa = PBXGroup;
			children = (
				6759F2FA1ACAD8D600D5A93B /* AppDelegate.h */,
				6759F2FB1ACAD8D600D5A93B /* AppDelegate.m */,
				6759F3051ACAD8D600D5A93B /* LaunchScreen.xib */,
				6759F2F71ACAD8D600D5A93B /* Info.plist */,
				6759F2F81ACAD8D600D5A93B /* main.m */,
			);
			name = Application;
			sourceTree = "<group>";
		};
		6759F31D1ACADB8000D5A93B /* Sources */ = {
			isa = PBXGroup;
			children = (
				6759F31F1ACADBCD00D5A93B /* Storyboards */,
				6759F31E1ACADB8800D5A93B /* ViewControllers */,
			);
			name = Sources;
			sourceTree = "<group>";
		};
		6759F31E1ACADB8800D5A93B /* ViewControllers */ = {
			isa = PBXGroup;
			children = (
				6759F2FD1ACAD8D600D5A93B /* ViewController.h */,
				6759F2FE1ACAD8D600D5A93B /* ViewController.m */,
			);
			name = ViewControllers;
			sourceTree = "<group>";
		};
		6759F31F1ACADBCD00D5A93B /* Storyboards */ = {
			isa = PBXGroup;
			children = (
				6759F3001ACAD8D600D5A93B /* Main.storyboard */,
			);
			name = Storyboards;
			sourceTree = "<group>";
		};
		BB6EE65E63B50D6EE9B256B2 /* Pods */ = {
			isa = PBXGroup;
			children = (
				D0527D4C99DB6F8A549964D6 /* Pods.debug.xcconfig */,
				3AD0ED8F6A9B2956F61764D7 /* Pods.release.xcconfig */,
			);
			name = Pods;
			sourceTree = "<group>";
		};
		BFB54CED877E950F3BD9ADA2 /* Frameworks */ = {
			isa = PBXGroup;
			children = (
				67C085F01ACB16380044D0C1 /* FBSDKMessengerShareKit.framework */,
				3CDD27507EE39743644C44F1 /* libPods.a */,
			);
			name = Frameworks;
			sourceTree = "<group>";
		};
/* End PBXGroup section */

/* Begin PBXNativeTarget section */
		6759F2F21ACAD8D600D5A93B /* SharePlace */ = {
			isa = PBXNativeTarget;
			buildConfigurationList = 6759F3161ACAD8D600D5A93B /* Build configuration list for PBXNativeTarget "SharePlace" */;
			buildPhases = (
				545CC31C776B437792C024D6 /* Check Pods Manifest.lock */,
				6759F2EF1ACAD8D600D5A93B /* Sources */,
				6759F2F01ACAD8D600D5A93B /* Frameworks */,
				6759F2F11ACAD8D600D5A93B /* Resources */,
				C32BB9F6C28B2BC83F2FDCB1 /* Copy Pods Resources */,
			);
			buildRules = (
			);
			dependencies = (
			);
			name = SharePlace;
			productName = SharePlace;
			productReference = 6759F2F31ACAD8D600D5A93B /* SharePlace.app */;
			productType = "com.apple.product-type.application";
		};
		6759F30B1ACAD8D600D5A93B /* SharePlaceTests */ = {
			isa = PBXNativeTarget;
			buildConfigurationList = 6759F3191ACAD8D600D5A93B /* Build configuration list for PBXNativeTarget "SharePlaceTests" */;
			buildPhases = (
				6759F3081ACAD8D600D5A93B /* Sources */,
				6759F3091ACAD8D600D5A93B /* Frameworks */,
				6759F30A1ACAD8D600D5A93B /* Resources */,
			);
			buildRules = (
			);
			dependencies = (
				6759F30E1ACAD8D600D5A93B /* PBXTargetDependency */,
			);
			name = SharePlaceTests;
			productName = SharePlaceTests;
			productReference = 6759F30C1ACAD8D600D5A93B /* SharePlaceTests.xctest */;
			productType = "com.apple.product-type.bundle.unit-test";
		};
/* End PBXNativeTarget section */

/* Begin PBXProject section */
		6759F2EB1ACAD8D600D5A93B /* Project object */ = {
			isa = PBXProject;
			attributes = {
				LastUpgradeCheck = 0620;
				ORGANIZATIONNAME = watur;
				TargetAttributes = {
					6759F2F21ACAD8D600D5A93B = {
						CreatedOnToolsVersion = 6.2;
						DevelopmentTeam = AZ5DKXLRDB;
					};
					6759F30B1ACAD8D600D5A93B = {
						CreatedOnToolsVersion = 6.2;
						TestTargetID = 6759F2F21ACAD8D600D5A93B;
					};
				};
			};
			buildConfigurationList = 6759F2EE1ACAD8D600D5A93B /* Build configuration list for PBXProject "SharePlace" */;
			compatibilityVersion = "Xcode 3.2";
			developmentRegion = English;
			hasScannedForEncodings = 0;
			knownRegions = (
				en,
				Base,
			);
			mainGroup = 6759F2EA1ACAD8D600D5A93B;
			productRefGroup = 6759F2F41ACAD8D600D5A93B /* Products */;
			projectDirPath = "";
			projectRoot = "";
			targets = (
				6759F2F21ACAD8D600D5A93B /* SharePlace */,
				6759F30B1ACAD8D600D5A93B /* SharePlaceTests */,
			);
		};
/* End PBXProject section */

/* Begin PBXResourcesBuildPhase section */
		6759F2F11ACAD8D600D5A93B /* Resources */ = {
			isa = PBXResourcesBuildPhase;
			buildActionMask = 2147483647;
			files = (
				6759F3021ACAD8D600D5A93B /* Main.storyboard in Resources */,
				6759F3071ACAD8D600D5A93B /* LaunchScreen.xib in Resources */,
				6759F3041ACAD8D600D5A93B /* Images.xcassets in Resources */,
			);
			runOnlyForDeploymentPostprocessing = 0;
		};
		6759F30A1ACAD8D600D5A93B /* Resources */ = {
			isa = PBXResourcesBuildPhase;
			buildActionMask = 2147483647;
			files = (
			);
			runOnlyForDeploymentPostprocessing = 0;
		};
/* End PBXResourcesBuildPhase section */

/* Begin PBXShellScriptBuildPhase section */
		545CC31C776B437792C024D6 /* Check Pods Manifest.lock */ = {
			isa = PBXShellScriptBuildPhase;
			buildActionMask = 2147483647;
			files = (
			);
			inputPaths = (
			);
			name = "Check Pods Manifest.lock";
			outputPaths = (
			);
			runOnlyForDeploymentPostprocessing = 0;
			shellPath = /bin/sh;
			shellScript = "diff \"${PODS_ROOT}/../Podfile.lock\" \"${PODS_ROOT}/Manifest.lock\" > /dev/null\nif [[ $? != 0 ]] ; then\n    cat << EOM\nerror: The sandbox is not in sync with the Podfile.lock. Run 'pod install' or update your CocoaPods installation.\nEOM\n    exit 1\nfi\n";
			showEnvVarsInLog = 0;
		};
		C32BB9F6C28B2BC83F2FDCB1 /* Copy Pods Resources */ = {
			isa = PBXShellScriptBuildPhase;
			buildActionMask = 2147483647;
			files = (
			);
			inputPaths = (
			);
			name = "Copy Pods Resources";
			outputPaths = (
			);
			runOnlyForDeploymentPostprocessing = 0;
			shellPath = /bin/sh;
			shellScript = "\"${SRCROOT}/Pods/Target Support Files/Pods/Pods-resources.sh\"\n";
			showEnvVarsInLog = 0;
		};
/* End PBXShellScriptBuildPhase section */

/* Begin PBXSourcesBuildPhase section */
		6759F2EF1ACAD8D600D5A93B /* Sources */ = {
			isa = PBXSourcesBuildPhase;
			buildActionMask = 2147483647;
			files = (
				6759F2FF1ACAD8D600D5A93B /* ViewController.m in Sources */,
				6759F2FC1ACAD8D600D5A93B /* AppDelegate.m in Sources */,
				6759F2F91ACAD8D600D5A93B /* main.m in Sources */,
			);
			runOnlyForDeploymentPostprocessing = 0;
		};
		6759F3081ACAD8D600D5A93B /* Sources */ = {
			isa = PBXSourcesBuildPhase;
			buildActionMask = 2147483647;
			files = (
				6759F3131ACAD8D600D5A93B /* SharePlaceTests.m in Sources */,
			);
			runOnlyForDeploymentPostprocessing = 0;
		};
/* End PBXSourcesBuildPhase section */

/* Begin PBXTargetDependency section */
		6759F30E1ACAD8D600D5A93B /* PBXTargetDependency */ = {
			isa = PBXTargetDependency;
			target = 6759F2F21ACAD8D600D5A93B /* SharePlace */;
			targetProxy = 6759F30D1ACAD8D600D5A93B /* PBXContainerItemProxy */;
		};
/* End PBXTargetDependency section */

/* Begin PBXVariantGroup section */
		6759F3001ACAD8D600D5A93B /* Main.storyboard */ = {
			isa = PBXVariantGroup;
			children = (
				6759F3011ACAD8D600D5A93B /* Base */,
			);
			name = Main.storyboard;
			sourceTree = "<group>";
		};
		6759F3051ACAD8D600D5A93B /* LaunchScreen.xib */ = {
			isa = PBXVariantGroup;
			children = (
				6759F3061ACAD8D600D5A93B /* Base */,
			);
			name = LaunchScreen.xib;
			sourceTree = "<group>";
		};
/* End PBXVariantGroup section */

/* Begin XCBuildConfiguration section */
		6759F3141ACAD8D600D5A93B /* Debug */ = {
			isa = XCBuildConfiguration;
			buildSettings = {
				ALWAYS_SEARCH_USER_PATHS = NO;
				CLANG_CXX_LANGUAGE_STANDARD = "gnu++0x";
				CLANG_CXX_LIBRARY = "libc++";
				CLANG_ENABLE_MODULES = YES;
				CLANG_ENABLE_OBJC_ARC = YES;
				CLANG_WARN_BOOL_CONVERSION = YES;
				CLANG_WARN_CONSTANT_CONVERSION = YES;
				CLANG_WARN_DIRECT_OBJC_ISA_USAGE = YES_ERROR;
				CLANG_WARN_EMPTY_BODY = YES;
				CLANG_WARN_ENUM_CONVERSION = YES;
				CLANG_WARN_INT_CONVERSION = YES;
				CLANG_WARN_OBJC_ROOT_CLASS = YES_ERROR;
				CLANG_WARN_UNREACHABLE_CODE = YES;
				CLANG_WARN__DUPLICATE_METHOD_MATCH = YES;
				"CODE_SIGN_IDENTITY[sdk=iphoneos*]" = "iPhone Developer";
				COPY_PHASE_STRIP = NO;
				ENABLE_STRICT_OBJC_MSGSEND = YES;
				GCC_C_LANGUAGE_STANDARD = gnu99;
				GCC_DYNAMIC_NO_PIC = NO;
				GCC_OPTIMIZATION_LEVEL = 0;
				GCC_PREPROCESSOR_DEFINITIONS = (
					"DEBUG=1",
					"$(inherited)",
				);
				GCC_SYMBOLS_PRIVATE_EXTERN = NO;
				GCC_WARN_64_TO_32_BIT_CONVERSION = YES;
				GCC_WARN_ABOUT_RETURN_TYPE = YES_ERROR;
				GCC_WARN_UNDECLARED_SELECTOR = YES;
				GCC_WARN_UNINITIALIZED_AUTOS = YES_AGGRESSIVE;
				GCC_WARN_UNUSED_FUNCTION = YES;
				GCC_WARN_UNUSED_VARIABLE = YES;
				IPHONEOS_DEPLOYMENT_TARGET = 8.2;
				MTL_ENABLE_DEBUG_INFO = YES;
				ONLY_ACTIVE_ARCH = YES;
				SDKROOT = iphoneos;
			};
			name = Debug;
		};
		6759F3151ACAD8D600D5A93B /* Release */ = {
			isa = XCBuildConfiguration;
			buildSettings = {
				ALWAYS_SEARCH_USER_PATHS = NO;
				CLANG_CXX_LANGUAGE_STANDARD = "gnu++0x";
				CLANG_CXX_LIBRARY = "libc++";
				CLANG_ENABLE_MODULES = YES;
				CLANG_ENABLE_OBJC_ARC = YES;
				CLANG_WARN_BOOL_CONVERSION = YES;
				CLANG_WARN_CONSTANT_CONVERSION = YES;
				CLANG_WARN_DIRECT_OBJC_ISA_USAGE = YES_ERROR;
				CLANG_WARN_EMPTY_BODY = YES;
				CLANG_WARN_ENUM_CONVERSION = YES;
				CLANG_WARN_INT_CONVERSION = YES;
				CLANG_WARN_OBJC_ROOT_CLASS = YES_ERROR;
				CLANG_WARN_UNREACHABLE_CODE = YES;
				CLANG_WARN__DUPLICATE_METHOD_MATCH = YES;
				"CODE_SIGN_IDENTITY[sdk=iphoneos*]" = "iPhone Developer";
				COPY_PHASE_STRIP = NO;
				ENABLE_NS_ASSERTIONS = NO;
				ENABLE_STRICT_OBJC_MSGSEND = YES;
				GCC_C_LANGUAGE_STANDARD = gnu99;
				GCC_WARN_64_TO_32_BIT_CONVERSION = YES;
				GCC_WARN_ABOUT_RETURN_TYPE = YES_ERROR;
				GCC_WARN_UNDECLARED_SELECTOR = YES;
				GCC_WARN_UNINITIALIZED_AUTOS = YES_AGGRESSIVE;
				GCC_WARN_UNUSED_FUNCTION = YES;
				GCC_WARN_UNUSED_VARIABLE = YES;
				IPHONEOS_DEPLOYMENT_TARGET = 8.2;
				MTL_ENABLE_DEBUG_INFO = NO;
				SDKROOT = iphoneos;
				VALIDATE_PRODUCT = YES;
			};
			name = Release;
		};
		6759F3171ACAD8D600D5A93B /* Debug */ = {
			isa = XCBuildConfiguration;
			baseConfigurationReference = D0527D4C99DB6F8A549964D6 /* Pods.debug.xcconfig */;
			buildSettings = {
				ASSETCATALOG_COMPILER_APPICON_NAME = AppIcon;
				CODE_SIGN_IDENTITY = "iPhone Developer";
				"CODE_SIGN_IDENTITY[sdk=iphoneos*]" = "iPhone Developer";
				FRAMEWORK_SEARCH_PATHS = (
					"$(inherited)",
					"$(PROJECT_DIR)",
				);
				INFOPLIST_FILE = SharePlace/Info.plist;
				IPHONEOS_DEPLOYMENT_TARGET = 7.0;
				LD_RUNPATH_SEARCH_PATHS = "$(inherited) @executable_path/Frameworks";
				PRODUCT_NAME = "$(TARGET_NAME)";
				PROVISIONING_PROFILE = "";
			};
			name = Debug;
		};
		6759F3181ACAD8D600D5A93B /* Release */ = {
			isa = XCBuildConfiguration;
			baseConfigurationReference = 3AD0ED8F6A9B2956F61764D7 /* Pods.release.xcconfig */;
			buildSettings = {
				ASSETCATALOG_COMPILER_APPICON_NAME = AppIcon;
				CODE_SIGN_IDENTITY = "iPhone Developer";
				"CODE_SIGN_IDENTITY[sdk=iphoneos*]" = "iPhone Developer";
				FRAMEWORK_SEARCH_PATHS = (
					"$(inherited)",
					"$(PROJECT_DIR)",
				);
				INFOPLIST_FILE = SharePlace/Info.plist;
				IPHONEOS_DEPLOYMENT_TARGET = 7.0;
				LD_RUNPATH_SEARCH_PATHS = "$(inherited) @executable_path/Frameworks";
				PRODUCT_NAME = "$(TARGET_NAME)";
				PROVISIONING_PROFILE = "";
			};
			name = Release;
		};
		6759F31A1ACAD8D600D5A93B /* Debug */ = {
			isa = XCBuildConfiguration;
			buildSettings = {
				BUNDLE_LOADER = "$(TEST_HOST)";
				FRAMEWORK_SEARCH_PATHS = (
					"$(SDKROOT)/Developer/Library/Frameworks",
					"$(inherited)",
				);
				GCC_PREPROCESSOR_DEFINITIONS = (
					"DEBUG=1",
					"$(inherited)",
				);
				INFOPLIST_FILE = SharePlaceTests/Info.plist;
				LD_RUNPATH_SEARCH_PATHS = "$(inherited) @executable_path/Frameworks @loader_path/Frameworks";
				PRODUCT_NAME = "$(TARGET_NAME)";
				TEST_HOST = "$(BUILT_PRODUCTS_DIR)/SharePlace.app/SharePlace";
			};
			name = Debug;
		};
		6759F31B1ACAD8D600D5A93B /* Release */ = {
			isa = XCBuildConfiguration;
			buildSettings = {
				BUNDLE_LOADER = "$(TEST_HOST)";
				FRAMEWORK_SEARCH_PATHS = (
					"$(SDKROOT)/Developer/Library/Frameworks",
					"$(inherited)",
				);
				INFOPLIST_FILE = SharePlaceTests/Info.plist;
				LD_RUNPATH_SEARCH_PATHS = "$(inherited) @executable_path/Frameworks @loader_path/Frameworks";
				PRODUCT_NAME = "$(TARGET_NAME)";
				TEST_HOST = "$(BUILT_PRODUCTS_DIR)/SharePlace.app/SharePlace";
			};
			name = Release;
		};
/* End XCBuildConfiguration section */

/* Begin XCConfigurationList section */
		6759F2EE1ACAD8D600D5A93B /* Build configuration list for PBXProject "SharePlace" */ = {
			isa = XCConfigurationList;
			buildConfigurations = (
				6759F3141ACAD8D600D5A93B /* Debug */,
				6759F3151ACAD8D600D5A93B /* Release */,
			);
			defaultConfigurationIsVisible = 0;
			defaultConfigurationName = Release;
		};
		6759F3161ACAD8D600D5A93B /* Build configuration list for PBXNativeTarget "SharePlace" */ = {
			isa = XCConfigurationList;
			buildConfigurations = (
				6759F3171ACAD8D600D5A93B /* Debug */,
				6759F3181ACAD8D600D5A93B /* Release */,
			);
			defaultConfigurationIsVisible = 0;
			defaultConfigurationName = Release;
		};
		6759F3191ACAD8D600D5A93B /* Build configuration list for PBXNativeTarget "SharePlaceTests" */ = {
			isa = XCConfigurationList;
			buildConfigurations = (
				6759F31A1ACAD8D600D5A93B /* Debug */,
				6759F31B1ACAD8D600D5A93B /* Release */,
			);
			defaultConfigurationIsVisible = 0;
			defaultConfigurationName = Release;
		};
/* End XCConfigurationList section */
	};
	rootObject = 6759F2EB1ACAD8D600D5A93B /* Project object */;
}
